# This file is autogenerated, do not edit; changes may be undone by the next 'dep ensure'.


[[projects]]
  name = "github.com/cloudfoundry-community/go-cfenv"
  packages = ["."]
  revision = "20ea9de4dd5d3e052f2df72aab439453d7445f31"
  version = "v1.18.0"

[[projects]]
  name = "github.com/codegangsta/cli"
  packages = ["."]
  revision = "cfb38830724cc34fedffe9a2a29fb54fa9169cd1"
  version = "v1.20.0"

[[projects]]
  name = "github.com/mitchellh/mapstructure"
  packages = ["."]
  revision = "3536a929edddb9a5b34bd6861dc4a9647cb459fe"
  version = "v1.1.2"

[solve-meta]
  analyzer-name = "dep"
  analyzer-version = 1
  inputs-digest = "180234a08a4e1abf2784da82e6c7c55a36974ce6835eeee34fdcee36b7449405"
  solver-name = "gps-cdcl"
  solver-version = 1
